
Microsoft Visual Studio Solution File, Format Version 12.00
# Visual Studio 15
VisualStudioVersion = 15.0.27625.0
MinimumVisualStudioVersion = 10.0.40219.1
Project("{FAE04EC0-301F-11D3-BF4B-00C04F79EFBC}") = "TestingExercise", "TestingExercise\TestingExercise.csproj", "{871881EE-9B7C-457A-A4DA-D05C1C5B8CAC}"
EndProject
Project("{FAE04EC0-301F-11D3-BF4B-00C04F79EFBC}") = "TestingExercise.Tests", "TestingExercise.Tests\TestingExercise.Tests.csproj", "{6C7A2CB9-B924-4300-A64C-ADC36CEBE800}"
EndProject
Global
	GlobalSection(SolutionConfigurationPlatforms) = preSolution
		Debug|Any CPU = Debug|Any CPU
		Release|Any CPU = Release|Any CPU
	EndGlobalSection
	GlobalSection(ProjectConfigurationPlatforms) = postSolution
		{871881EE-9B7C-457A-A4DA-D05C1C5B8CAC}.Debug|Any CPU.ActiveCfg = Debug|Any CPU
		{871881EE-9B7C-457A-A4DA-D05C1C5B8CAC}.Debug|Any CPU.Build.0 = Debug|Any CPU
		{871881EE-9B7C-457A-A4DA-D05C1C5B8CAC}.Release|Any CPU.ActiveCfg = Release|Any CPU
		{871881EE-9B7C-457A-A4DA-D05C1C5B8CAC}.Release|Any CPU.Build.0 = Release|Any CPU
		{6C7A2CB9-B924-4300-A64C-ADC36CEBE800}.Debug|Any CPU.ActiveCfg = Debug|Any CPU
		{6C7A2CB9-B924-4300-A64C-ADC36CEBE800}.Debug|Any CPU.Build.0 = Debug|Any CPU
		{6C7A2CB9-B924-4300-A64C-ADC36CEBE800}.Release|Any CPU.ActiveCfg = Release|Any CPU
		{6C7A2CB9-B924-4300-A64C-ADC36CEBE800}.Release|Any CPU.Build.0 = Release|Any CPU
	EndGlobalSection
	GlobalSection(SolutionProperties) = preSolution
		HideSolutionNode = FALSE
	EndGlobalSection
	GlobalSection(ExtensibilityGlobals) = postSolution
		SolutionGuid = {949B22C0-5089-4DE7-9E24-23A2C241C8B1}
	EndGlobalSection
EndGlobal
